
Microsoft Visual Studio Solution File, Format Version 12.00
# Visual Studio Version 17
VisualStudioVersion = 17.0.31903.59
MinimumVisualStudioVersion = 10.0.40219.1
Project("{9A19103F-16F7-4668-BE54-9A1E7A4F7556}") = "AsyncAndParallel", "AsyncAndParallel\AsyncAndParallel.csproj", "{1F22FA0E-6CF0-48C8-ACDB-0672273CA786}"
EndProject
Project("{9A19103F-16F7-4668-BE54-9A1E7A4F7556}") = "DataAccess", "DataAccess\DataAccess.csproj", "{540C1D03-CFD9-4091-8616-0191D80A88AA}"
EndProject
Project("{9A19103F-16F7-4668-BE54-9A1E7A4F7556}") = "Generics", "Generics\Generics.csproj", "{35DE732C-E3C5-4F36-A0B4-49F5C1023210}"
EndProject
Project("{9A19103F-16F7-4668-BE54-9A1E7A4F7556}") = "Generics.Tests", "Generics.Tests\Generics.Tests.csproj", "{FAD906E7-1E06-44C5-8F81-44E27070066F}"
EndProject
Project("{9A19103F-16F7-4668-BE54-9A1E7A4F7556}") = "HelloWorld", "HelloWorld\HelloWorld.csproj", "{FA78EDC4-A9C8-4783-B7A8-D356B5BC5800}"
EndProject
Project("{9A19103F-16F7-4668-BE54-9A1E7A4F7556}") = "HelloWorld.Tests", "HelloWorld.Tests\HelloWorld.Tests.csproj", "{63E4D506-445B-4A9C-B152-14536B9210C1}"
EndProject
Project("{9A19103F-16F7-4668-BE54-9A1E7A4F7556}") = "Linq", "Linq\Linq.csproj", "{C84C9C8A-7515-4DAE-AC6F-4BA738C9FA36}"
EndProject
Project("{9A19103F-16F7-4668-BE54-9A1E7A4F7556}") = "Linq.Models", "Linq.Models\Linq.Models.csproj", "{729546FC-E65D-4DA5-ADA5-5D44AE324354}"
EndProject
Project("{9A19103F-16F7-4668-BE54-9A1E7A4F7556}") = "MyApp", "MyApp\MyApp.csproj", "{C5C67075-77BE-4FC7-AA36-200393E57645}"
EndProject
Project("{9A19103F-16F7-4668-BE54-9A1E7A4F7556}") = "MyApp.Core", "MyApp.Core\MyApp.Core.csproj", "{9B2E2D5D-93E7-49FA-B794-3B3BE77B8D0A}"
EndProject
Project("{9A19103F-16F7-4668-BE54-9A1E7A4F7556}") = "MyApp.Core.Tests", "MyApp.Core.Tests\MyApp.Core.Tests.csproj", "{1A87CE9F-BFEE-465C-B051-E79707C4DF5D}"
EndProject
Project("{9A19103F-16F7-4668-BE54-9A1E7A4F7556}") = "MyApp.Infrastructure", "MyApp.Infrastructure\MyApp.Infrastructure.csproj", "{19CBC239-5727-45D4-A3D3-9285E294EB1E}"
EndProject
Project("{9A19103F-16F7-4668-BE54-9A1E7A4F7556}") = "MyApp.Infrastructure.Tests", "MyApp.Infrastructure.Tests\MyApp.Infrastructure.Tests.csproj", "{DA2681F0-7D40-46C2-AFF6-44E6E59AD591}"
EndProject
Project("{9A19103F-16F7-4668-BE54-9A1E7A4F7556}") = "MyApp.MinimalApi", "MyApp.MinimalApi\MyApp.MinimalApi.csproj", "{9D4F877A-88D7-4E61-BE77-34051062FEAA}"
EndProject
Project("{FAE04EC0-301F-11D3-BF4B-00C04F79EFBC}") = "MyApp.MinimalApi.Integration.Tests", "MyApp.MinimalApi.Integration.Tests\MyApp.MinimalApi.Integration.Tests.csproj", "{38AB56D4-8830-4863-B513-714892D6D54D}"
EndProject
Global
	GlobalSection(SolutionConfigurationPlatforms) = preSolution
		Debug|Any CPU = Debug|Any CPU
		Release|Any CPU = Release|Any CPU
	EndGlobalSection
	GlobalSection(ProjectConfigurationPlatforms) = postSolution
		{1F22FA0E-6CF0-48C8-ACDB-0672273CA786}.Debug|Any CPU.ActiveCfg = Debug|Any CPU
		{1F22FA0E-6CF0-48C8-ACDB-0672273CA786}.Debug|Any CPU.Build.0 = Debug|Any CPU
		{1F22FA0E-6CF0-48C8-ACDB-0672273CA786}.Release|Any CPU.ActiveCfg = Release|Any CPU
		{1F22FA0E-6CF0-48C8-ACDB-0672273CA786}.Release|Any CPU.Build.0 = Release|Any CPU
		{540C1D03-CFD9-4091-8616-0191D80A88AA}.Debug|Any CPU.ActiveCfg = Debug|Any CPU
		{540C1D03-CFD9-4091-8616-0191D80A88AA}.Debug|Any CPU.Build.0 = Debug|Any CPU
		{540C1D03-CFD9-4091-8616-0191D80A88AA}.Release|Any CPU.ActiveCfg = Release|Any CPU
		{540C1D03-CFD9-4091-8616-0191D80A88AA}.Release|Any CPU.Build.0 = Release|Any CPU
		{35DE732C-E3C5-4F36-A0B4-49F5C1023210}.Debug|Any CPU.ActiveCfg = Debug|Any CPU
		{35DE732C-E3C5-4F36-A0B4-49F5C1023210}.Debug|Any CPU.Build.0 = Debug|Any CPU
		{35DE732C-E3C5-4F36-A0B4-49F5C1023210}.Release|Any CPU.ActiveCfg = Release|Any CPU
		{35DE732C-E3C5-4F36-A0B4-49F5C1023210}.Release|Any CPU.Build.0 = Release|Any CPU
		{FAD906E7-1E06-44C5-8F81-44E27070066F}.Debug|Any CPU.ActiveCfg = Debug|Any CPU
		{FAD906E7-1E06-44C5-8F81-44E27070066F}.Debug|Any CPU.Build.0 = Debug|Any CPU
		{FAD906E7-1E06-44C5-8F81-44E27070066F}.Release|Any CPU.ActiveCfg = Release|Any CPU
		{FAD906E7-1E06-44C5-8F81-44E27070066F}.Release|Any CPU.Build.0 = Release|Any CPU
		{FA78EDC4-A9C8-4783-B7A8-D356B5BC5800}.Debug|Any CPU.ActiveCfg = Debug|Any CPU
		{FA78EDC4-A9C8-4783-B7A8-D356B5BC5800}.Debug|Any CPU.Build.0 = Debug|Any CPU
		{FA78EDC4-A9C8-4783-B7A8-D356B5BC5800}.Release|Any CPU.ActiveCfg = Release|Any CPU
		{FA78EDC4-A9C8-4783-B7A8-D356B5BC5800}.Release|Any CPU.Build.0 = Release|Any CPU
		{63E4D506-445B-4A9C-B152-14536B9210C1}.Debug|Any CPU.ActiveCfg = Debug|Any CPU
		{63E4D506-445B-4A9C-B152-14536B9210C1}.Debug|Any CPU.Build.0 = Debug|Any CPU
		{63E4D506-445B-4A9C-B152-14536B9210C1}.Release|Any CPU.ActiveCfg = Release|Any CPU
		{63E4D506-445B-4A9C-B152-14536B9210C1}.Release|Any CPU.Build.0 = Release|Any CPU
		{C84C9C8A-7515-4DAE-AC6F-4BA738C9FA36}.Debug|Any CPU.ActiveCfg = Debug|Any CPU
		{C84C9C8A-7515-4DAE-AC6F-4BA738C9FA36}.Debug|Any CPU.Build.0 = Debug|Any CPU
		{C84C9C8A-7515-4DAE-AC6F-4BA738C9FA36}.Release|Any CPU.ActiveCfg = Release|Any CPU
		{C84C9C8A-7515-4DAE-AC6F-4BA738C9FA36}.Release|Any CPU.Build.0 = Release|Any CPU
		{729546FC-E65D-4DA5-ADA5-5D44AE324354}.Debug|Any CPU.ActiveCfg = Debug|Any CPU
		{729546FC-E65D-4DA5-ADA5-5D44AE324354}.Debug|Any CPU.Build.0 = Debug|Any CPU
		{729546FC-E65D-4DA5-ADA5-5D44AE324354}.Release|Any CPU.ActiveCfg = Release|Any CPU
		{729546FC-E65D-4DA5-ADA5-5D44AE324354}.Release|Any CPU.Build.0 = Release|Any CPU
		{C5C67075-77BE-4FC7-AA36-200393E57645}.Debug|Any CPU.ActiveCfg = Debug|Any CPU
		{C5C67075-77BE-4FC7-AA36-200393E57645}.Debug|Any CPU.Build.0 = Debug|Any CPU
		{C5C67075-77BE-4FC7-AA36-200393E57645}.Release|Any CPU.ActiveCfg = Release|Any CPU
		{C5C67075-77BE-4FC7-AA36-200393E57645}.Release|Any CPU.Build.0 = Release|Any CPU
		{9B2E2D5D-93E7-49FA-B794-3B3BE77B8D0A}.Debug|Any CPU.ActiveCfg = Debug|Any CPU
		{9B2E2D5D-93E7-49FA-B794-3B3BE77B8D0A}.Debug|Any CPU.Build.0 = Debug|Any CPU
		{9B2E2D5D-93E7-49FA-B794-3B3BE77B8D0A}.Release|Any CPU.ActiveCfg = Release|Any CPU
		{9B2E2D5D-93E7-49FA-B794-3B3BE77B8D0A}.Release|Any CPU.Build.0 = Release|Any CPU
		{1A87CE9F-BFEE-465C-B051-E79707C4DF5D}.Debug|Any CPU.ActiveCfg = Debug|Any CPU
		{1A87CE9F-BFEE-465C-B051-E79707C4DF5D}.Debug|Any CPU.Build.0 = Debug|Any CPU
		{1A87CE9F-BFEE-465C-B051-E79707C4DF5D}.Release|Any CPU.ActiveCfg = Release|Any CPU
		{1A87CE9F-BFEE-465C-B051-E79707C4DF5D}.Release|Any CPU.Build.0 = Release|Any CPU
		{19CBC239-5727-45D4-A3D3-9285E294EB1E}.Debug|Any CPU.ActiveCfg = Debug|Any CPU
		{19CBC239-5727-45D4-A3D3-9285E294EB1E}.Debug|Any CPU.Build.0 = Debug|Any CPU
		{19CBC239-5727-45D4-A3D3-9285E294EB1E}.Release|Any CPU.ActiveCfg = Release|Any CPU
		{19CBC239-5727-45D4-A3D3-9285E294EB1E}.Release|Any CPU.Build.0 = Release|Any CPU
		{DA2681F0-7D40-46C2-AFF6-44E6E59AD591}.Debug|Any CPU.ActiveCfg = Debug|Any CPU
		{DA2681F0-7D40-46C2-AFF6-44E6E59AD591}.Debug|Any CPU.Build.0 = Debug|Any CPU
		{DA2681F0-7D40-46C2-AFF6-44E6E59AD591}.Release|Any CPU.ActiveCfg = Release|Any CPU
		{DA2681F0-7D40-46C2-AFF6-44E6E59AD591}.Release|Any CPU.Build.0 = Release|Any CPU
		{9D4F877A-88D7-4E61-BE77-34051062FEAA}.Debug|Any CPU.ActiveCfg = Debug|Any CPU
		{9D4F877A-88D7-4E61-BE77-34051062FEAA}.Debug|Any CPU.Build.0 = Debug|Any CPU
		{9D4F877A-88D7-4E61-BE77-34051062FEAA}.Release|Any CPU.ActiveCfg = Release|Any CPU
		{9D4F877A-88D7-4E61-BE77-34051062FEAA}.Release|Any CPU.Build.0 = Release|Any CPU
		{38AB56D4-8830-4863-B513-714892D6D54D}.Debug|Any CPU.ActiveCfg = Debug|Any CPU
		{38AB56D4-8830-4863-B513-714892D6D54D}.Debug|Any CPU.Build.0 = Debug|Any CPU
		{38AB56D4-8830-4863-B513-714892D6D54D}.Release|Any CPU.ActiveCfg = Release|Any CPU
		{38AB56D4-8830-4863-B513-714892D6D54D}.Release|Any CPU.Build.0 = Release|Any CPU
	EndGlobalSection
	GlobalSection(SolutionProperties) = preSolution
		HideSolutionNode = FALSE
	EndGlobalSection
	GlobalSection(ExtensibilityGlobals) = postSolution
		SolutionGuid = {D0032EC6-4296-4F4A-AC03-239CC38E919B}
	EndGlobalSection
EndGlobal
