
Microsoft Visual Studio Solution File, Format Version 12.00
# Visual Studio Version 16
VisualStudioVersion = 16.0.30114.105
MinimumVisualStudioVersion = 10.0.40219.1
Project("{FAE04EC0-301F-11D3-BF4B-00C04F79EFBC}") = "HelloWorld", "HelloWorld\HelloWorld.csproj", "{743D8C29-3566-4B41-8A93-64E53E25C25B}"
EndProject
Project("{FAE04EC0-301F-11D3-BF4B-00C04F79EFBC}") = "HelloWorld.Tests", "HelloWorld.Tests\HelloWorld.Tests.csproj", "{62532223-7B3E-4885-9F70-E80C3B817315}"
EndProject
Project("{FAE04EC0-301F-11D3-BF4B-00C04F79EFBC}") = "Generics", "Generics\Generics.csproj", "{A6520644-2EF5-437D-98AB-31C3390B4515}"
EndProject
Project("{FAE04EC0-301F-11D3-BF4B-00C04F79EFBC}") = "Generics.Tests", "Generics.Tests\Generics.Tests.csproj", "{8DACB219-AB30-443F-BB69-13A3D79F1605}"
EndProject
Project("{FAE04EC0-301F-11D3-BF4B-00C04F79EFBC}") = "Linq", "Linq\Linq.csproj", "{DBDED028-9405-4ECC-9F50-EA85AAC3D2FE}"
EndProject
Project("{FAE04EC0-301F-11D3-BF4B-00C04F79EFBC}") = "Linq.Models", "Linq.Models\Linq.Models.csproj", "{60A93EC7-4BC0-4FF1-BD69-FF6A6D364FA1}"
EndProject
Project("{FAE04EC0-301F-11D3-BF4B-00C04F79EFBC}") = "DataAccess", "DataAccess\DataAccess.csproj", "{F3802A9B-A77D-42E1-AAD4-CA15A771964B}"
EndProject
Global
	GlobalSection(SolutionConfigurationPlatforms) = preSolution
		Debug|Any CPU = Debug|Any CPU
		Release|Any CPU = Release|Any CPU
	EndGlobalSection
	GlobalSection(SolutionProperties) = preSolution
		HideSolutionNode = FALSE
	EndGlobalSection
	GlobalSection(ProjectConfigurationPlatforms) = postSolution
		{743D8C29-3566-4B41-8A93-64E53E25C25B}.Debug|Any CPU.ActiveCfg = Debug|Any CPU
		{743D8C29-3566-4B41-8A93-64E53E25C25B}.Debug|Any CPU.Build.0 = Debug|Any CPU
		{743D8C29-3566-4B41-8A93-64E53E25C25B}.Release|Any CPU.ActiveCfg = Release|Any CPU
		{743D8C29-3566-4B41-8A93-64E53E25C25B}.Release|Any CPU.Build.0 = Release|Any CPU
		{62532223-7B3E-4885-9F70-E80C3B817315}.Debug|Any CPU.ActiveCfg = Debug|Any CPU
		{62532223-7B3E-4885-9F70-E80C3B817315}.Debug|Any CPU.Build.0 = Debug|Any CPU
		{62532223-7B3E-4885-9F70-E80C3B817315}.Release|Any CPU.ActiveCfg = Release|Any CPU
		{62532223-7B3E-4885-9F70-E80C3B817315}.Release|Any CPU.Build.0 = Release|Any CPU
		{A6520644-2EF5-437D-98AB-31C3390B4515}.Debug|Any CPU.ActiveCfg = Debug|Any CPU
		{A6520644-2EF5-437D-98AB-31C3390B4515}.Debug|Any CPU.Build.0 = Debug|Any CPU
		{A6520644-2EF5-437D-98AB-31C3390B4515}.Release|Any CPU.ActiveCfg = Release|Any CPU
		{A6520644-2EF5-437D-98AB-31C3390B4515}.Release|Any CPU.Build.0 = Release|Any CPU
		{8DACB219-AB30-443F-BB69-13A3D79F1605}.Debug|Any CPU.ActiveCfg = Debug|Any CPU
		{8DACB219-AB30-443F-BB69-13A3D79F1605}.Debug|Any CPU.Build.0 = Debug|Any CPU
		{8DACB219-AB30-443F-BB69-13A3D79F1605}.Release|Any CPU.ActiveCfg = Release|Any CPU
		{8DACB219-AB30-443F-BB69-13A3D79F1605}.Release|Any CPU.Build.0 = Release|Any CPU
		{DBDED028-9405-4ECC-9F50-EA85AAC3D2FE}.Debug|Any CPU.ActiveCfg = Debug|Any CPU
		{DBDED028-9405-4ECC-9F50-EA85AAC3D2FE}.Debug|Any CPU.Build.0 = Debug|Any CPU
		{DBDED028-9405-4ECC-9F50-EA85AAC3D2FE}.Release|Any CPU.ActiveCfg = Release|Any CPU
		{DBDED028-9405-4ECC-9F50-EA85AAC3D2FE}.Release|Any CPU.Build.0 = Release|Any CPU
		{60A93EC7-4BC0-4FF1-BD69-FF6A6D364FA1}.Debug|Any CPU.ActiveCfg = Debug|Any CPU
		{60A93EC7-4BC0-4FF1-BD69-FF6A6D364FA1}.Debug|Any CPU.Build.0 = Debug|Any CPU
		{60A93EC7-4BC0-4FF1-BD69-FF6A6D364FA1}.Release|Any CPU.ActiveCfg = Release|Any CPU
		{60A93EC7-4BC0-4FF1-BD69-FF6A6D364FA1}.Release|Any CPU.Build.0 = Release|Any CPU
		{F3802A9B-A77D-42E1-AAD4-CA15A771964B}.Debug|Any CPU.ActiveCfg = Debug|Any CPU
		{F3802A9B-A77D-42E1-AAD4-CA15A771964B}.Debug|Any CPU.Build.0 = Debug|Any CPU
		{F3802A9B-A77D-42E1-AAD4-CA15A771964B}.Release|Any CPU.ActiveCfg = Release|Any CPU
		{F3802A9B-A77D-42E1-AAD4-CA15A771964B}.Release|Any CPU.Build.0 = Release|Any CPU
	EndGlobalSection
EndGlobal
